
Microsoft Visual Studio Solution File, Format Version 12.00
# Visual Studio Version 16
VisualStudioVersion = 16.0.30002.166
MinimumVisualStudioVersion = 10.0.40219.1
Project("{9A19103F-16F7-4668-BE54-9A1E7A4F7556}") = "warrQuaest", "warrQuaest\warrQuaest.csproj", "{4247F564-26FF-4A90-91A9-1A31423E5176}"
EndProject
Project("{9A19103F-16F7-4668-BE54-9A1E7A4F7556}") = "biscuitsFactory", "biscuitsFactory\biscuitsFactory.csproj", "{4D904BD6-7AD2-4197-9293-3C8B1C0706A1}"
EndProject
Project("{9A19103F-16F7-4668-BE54-9A1E7A4F7556}") = "weaponsmith", "weaponsmith\weaponsmith.csproj", "{80CC38CC-EFC7-4AD2-8058-C27F0B0B318E}"
EndProject
Project("{9A19103F-16F7-4668-BE54-9A1E7A4F7556}") = "wizzardPoker", "wizzardPoker\wizzardPoker.csproj", "{77FC97A3-4B61-4229-AC45-97EE37112E2D}"
EndProject
Project("{9A19103F-16F7-4668-BE54-9A1E7A4F7556}") = "disneylandJourney", "disneylandJourney\disneylandJourney.csproj", "{D9FD1FE7-6712-4A34-90C5-753466B0BFB6}"
EndProject
Project("{9A19103F-16F7-4668-BE54-9A1E7A4F7556}") = "archeryTournament", "archeryTournament\archeryTournament.csproj", "{554D7F04-E93B-40E6-A1B3-34AE1FCCFF47}"
EndProject
Project("{9A19103F-16F7-4668-BE54-9A1E7A4F7556}") = "schoolLibrary", "schoolLibrary\schoolLibrary.csproj", "{B50BC9AF-761A-4C96-BE8F-17CFA657641C}"
EndProject
Project("{9A19103F-16F7-4668-BE54-9A1E7A4F7556}") = "nationalCourt", "nationalCourt\nationalCourt.csproj", "{BA4BAD2E-5C12-4563-B5EB-0010472540CA}"
EndProject
Project("{9A19103F-16F7-4668-BE54-9A1E7A4F7556}") = "springVacTrip", "springVacTrip\springVacTrip.csproj", "{0BAFFFB5-7210-4F3F-AF96-2D255E2514B5}"
EndProject
Project("{9A19103F-16F7-4668-BE54-9A1E7A4F7556}") = "helloFrance", "helloFrance\helloFrance.csproj", "{DD598611-EC12-4E97-BC82-4C3C3EB8EA0A}"
EndProject
Project("{9A19103F-16F7-4668-BE54-9A1E7A4F7556}") = "lastStop", "lastStop\lastStop.csproj", "{B3CDBBB8-C7CF-463D-A589-F4CEEF94B2FD}"
EndProject
Project("{9A19103F-16F7-4668-BE54-9A1E7A4F7556}") = "theHuntingGames", "theHuntingGames\theHuntingGames.csproj", "{ABF0D9CC-0B5F-4FBF-81F0-3AF788BB26F3}"
EndProject
Project("{9A19103F-16F7-4668-BE54-9A1E7A4F7556}") = "seizeTheFire", "seizeTheFire\seizeTheFire.csproj", "{80626F30-0E4C-482F-8ABE-E7F92987DF9C}"
EndProject
Project("{9A19103F-16F7-4668-BE54-9A1E7A4F7556}") = "theFinalQuest", "theFinalQuest\theFinalQuest.csproj", "{B25FEB02-5DAC-4AC9-BD2B-6BABA53E62E4}"
EndProject
Project("{9A19103F-16F7-4668-BE54-9A1E7A4F7556}") = "easterShopping", "easterShopping\easterShopping.csproj", "{FDD0D324-A7CF-4655-81B0-6478D975510D}"
EndProject
Project("{9A19103F-16F7-4668-BE54-9A1E7A4F7556}") = "easterGifts", "easterGifts\easterGifts.csproj", "{3175A7B9-E4CF-4026-8E4D-45E43D7C40B6}"
EndProject
Project("{9A19103F-16F7-4668-BE54-9A1E7A4F7556}") = "easterCozonacs", "easterCozonacs\easterCozonacs.csproj", "{96027D71-09C2-41AD-A1E0-999473694302}"
EndProject
Project("{9A19103F-16F7-4668-BE54-9A1E7A4F7556}") = "contactList", "contactList\contactList.csproj", "{BC599B5A-9CE1-4B8E-AE45-446436F863CB}"
EndProject
Project("{9A19103F-16F7-4668-BE54-9A1E7A4F7556}") = "numberArray", "numberArray\numberArray.csproj", "{70D9139D-0EC5-4391-817E-41C726F90D97}"
EndProject
Project("{9A19103F-16F7-4668-BE54-9A1E7A4F7556}") = "distanceCalc", "distanceCalc\distanceCalc.csproj", "{87E2E62E-F634-4842-8BB1-C4A4D6FFDEE6}"
EndProject
Project("{FAE04EC0-301F-11D3-BF4B-00C04F79EFBC}") = "counterStrike", "counterStrike\counterStrike.csproj", "{8DA62581-DE3C-4894-946C-F3BC3B68CDB1}"
EndProject
Project("{FAE04EC0-301F-11D3-BF4B-00C04F79EFBC}") = "tanksCollector", "tanksCollector\tanksCollector.csproj", "{D48A342E-4A39-42F7-8D03-2E6BBFFF2600}"
EndProject
Project("{FAE04EC0-301F-11D3-BF4B-00C04F79EFBC}") = "friendlistMaintanance", "friendlistMaintanance\friendlistMaintanance.csproj", "{0E73FCAB-65A3-4F82-A630-918AA9D6724E}"
EndProject
Project("{FAE04EC0-301F-11D3-BF4B-00C04F79EFBC}") = "experienceGaining", "experienceGaining\experienceGaining.csproj", "{EB4C9AB4-7588-4332-9101-DBAE7D07A1C9}"
EndProject
Global
	GlobalSection(SolutionConfigurationPlatforms) = preSolution
		Debug|Any CPU = Debug|Any CPU
		Release|Any CPU = Release|Any CPU
	EndGlobalSection
	GlobalSection(ProjectConfigurationPlatforms) = postSolution
		{4247F564-26FF-4A90-91A9-1A31423E5176}.Debug|Any CPU.ActiveCfg = Debug|Any CPU
		{4247F564-26FF-4A90-91A9-1A31423E5176}.Debug|Any CPU.Build.0 = Debug|Any CPU
		{4247F564-26FF-4A90-91A9-1A31423E5176}.Release|Any CPU.ActiveCfg = Release|Any CPU
		{4247F564-26FF-4A90-91A9-1A31423E5176}.Release|Any CPU.Build.0 = Release|Any CPU
		{4D904BD6-7AD2-4197-9293-3C8B1C0706A1}.Debug|Any CPU.ActiveCfg = Debug|Any CPU
		{4D904BD6-7AD2-4197-9293-3C8B1C0706A1}.Debug|Any CPU.Build.0 = Debug|Any CPU
		{4D904BD6-7AD2-4197-9293-3C8B1C0706A1}.Release|Any CPU.ActiveCfg = Release|Any CPU
		{4D904BD6-7AD2-4197-9293-3C8B1C0706A1}.Release|Any CPU.Build.0 = Release|Any CPU
		{80CC38CC-EFC7-4AD2-8058-C27F0B0B318E}.Debug|Any CPU.ActiveCfg = Debug|Any CPU
		{80CC38CC-EFC7-4AD2-8058-C27F0B0B318E}.Debug|Any CPU.Build.0 = Debug|Any CPU
		{80CC38CC-EFC7-4AD2-8058-C27F0B0B318E}.Release|Any CPU.ActiveCfg = Release|Any CPU
		{80CC38CC-EFC7-4AD2-8058-C27F0B0B318E}.Release|Any CPU.Build.0 = Release|Any CPU
		{77FC97A3-4B61-4229-AC45-97EE37112E2D}.Debug|Any CPU.ActiveCfg = Debug|Any CPU
		{77FC97A3-4B61-4229-AC45-97EE37112E2D}.Debug|Any CPU.Build.0 = Debug|Any CPU
		{77FC97A3-4B61-4229-AC45-97EE37112E2D}.Release|Any CPU.ActiveCfg = Release|Any CPU
		{77FC97A3-4B61-4229-AC45-97EE37112E2D}.Release|Any CPU.Build.0 = Release|Any CPU
		{D9FD1FE7-6712-4A34-90C5-753466B0BFB6}.Debug|Any CPU.ActiveCfg = Debug|Any CPU
		{D9FD1FE7-6712-4A34-90C5-753466B0BFB6}.Debug|Any CPU.Build.0 = Debug|Any CPU
		{D9FD1FE7-6712-4A34-90C5-753466B0BFB6}.Release|Any CPU.ActiveCfg = Release|Any CPU
		{D9FD1FE7-6712-4A34-90C5-753466B0BFB6}.Release|Any CPU.Build.0 = Release|Any CPU
		{554D7F04-E93B-40E6-A1B3-34AE1FCCFF47}.Debug|Any CPU.ActiveCfg = Debug|Any CPU
		{554D7F04-E93B-40E6-A1B3-34AE1FCCFF47}.Debug|Any CPU.Build.0 = Debug|Any CPU
		{554D7F04-E93B-40E6-A1B3-34AE1FCCFF47}.Release|Any CPU.ActiveCfg = Release|Any CPU
		{554D7F04-E93B-40E6-A1B3-34AE1FCCFF47}.Release|Any CPU.Build.0 = Release|Any CPU
		{B50BC9AF-761A-4C96-BE8F-17CFA657641C}.Debug|Any CPU.ActiveCfg = Debug|Any CPU
		{B50BC9AF-761A-4C96-BE8F-17CFA657641C}.Debug|Any CPU.Build.0 = Debug|Any CPU
		{B50BC9AF-761A-4C96-BE8F-17CFA657641C}.Release|Any CPU.ActiveCfg = Release|Any CPU
		{B50BC9AF-761A-4C96-BE8F-17CFA657641C}.Release|Any CPU.Build.0 = Release|Any CPU
		{BA4BAD2E-5C12-4563-B5EB-0010472540CA}.Debug|Any CPU.ActiveCfg = Debug|Any CPU
		{BA4BAD2E-5C12-4563-B5EB-0010472540CA}.Debug|Any CPU.Build.0 = Debug|Any CPU
		{BA4BAD2E-5C12-4563-B5EB-0010472540CA}.Release|Any CPU.ActiveCfg = Release|Any CPU
		{BA4BAD2E-5C12-4563-B5EB-0010472540CA}.Release|Any CPU.Build.0 = Release|Any CPU
		{0BAFFFB5-7210-4F3F-AF96-2D255E2514B5}.Debug|Any CPU.ActiveCfg = Debug|Any CPU
		{0BAFFFB5-7210-4F3F-AF96-2D255E2514B5}.Debug|Any CPU.Build.0 = Debug|Any CPU
		{0BAFFFB5-7210-4F3F-AF96-2D255E2514B5}.Release|Any CPU.ActiveCfg = Release|Any CPU
		{0BAFFFB5-7210-4F3F-AF96-2D255E2514B5}.Release|Any CPU.Build.0 = Release|Any CPU
		{DD598611-EC12-4E97-BC82-4C3C3EB8EA0A}.Debug|Any CPU.ActiveCfg = Debug|Any CPU
		{DD598611-EC12-4E97-BC82-4C3C3EB8EA0A}.Debug|Any CPU.Build.0 = Debug|Any CPU
		{DD598611-EC12-4E97-BC82-4C3C3EB8EA0A}.Release|Any CPU.ActiveCfg = Release|Any CPU
		{DD598611-EC12-4E97-BC82-4C3C3EB8EA0A}.Release|Any CPU.Build.0 = Release|Any CPU
		{B3CDBBB8-C7CF-463D-A589-F4CEEF94B2FD}.Debug|Any CPU.ActiveCfg = Debug|Any CPU
		{B3CDBBB8-C7CF-463D-A589-F4CEEF94B2FD}.Debug|Any CPU.Build.0 = Debug|Any CPU
		{B3CDBBB8-C7CF-463D-A589-F4CEEF94B2FD}.Release|Any CPU.ActiveCfg = Release|Any CPU
		{B3CDBBB8-C7CF-463D-A589-F4CEEF94B2FD}.Release|Any CPU.Build.0 = Release|Any CPU
		{ABF0D9CC-0B5F-4FBF-81F0-3AF788BB26F3}.Debug|Any CPU.ActiveCfg = Debug|Any CPU
		{ABF0D9CC-0B5F-4FBF-81F0-3AF788BB26F3}.Debug|Any CPU.Build.0 = Debug|Any CPU
		{ABF0D9CC-0B5F-4FBF-81F0-3AF788BB26F3}.Release|Any CPU.ActiveCfg = Release|Any CPU
		{ABF0D9CC-0B5F-4FBF-81F0-3AF788BB26F3}.Release|Any CPU.Build.0 = Release|Any CPU
		{80626F30-0E4C-482F-8ABE-E7F92987DF9C}.Debug|Any CPU.ActiveCfg = Debug|Any CPU
		{80626F30-0E4C-482F-8ABE-E7F92987DF9C}.Debug|Any CPU.Build.0 = Debug|Any CPU
		{80626F30-0E4C-482F-8ABE-E7F92987DF9C}.Release|Any CPU.ActiveCfg = Release|Any CPU
		{80626F30-0E4C-482F-8ABE-E7F92987DF9C}.Release|Any CPU.Build.0 = Release|Any CPU
		{B25FEB02-5DAC-4AC9-BD2B-6BABA53E62E4}.Debug|Any CPU.ActiveCfg = Debug|Any CPU
		{B25FEB02-5DAC-4AC9-BD2B-6BABA53E62E4}.Debug|Any CPU.Build.0 = Debug|Any CPU
		{B25FEB02-5DAC-4AC9-BD2B-6BABA53E62E4}.Release|Any CPU.ActiveCfg = Release|Any CPU
		{B25FEB02-5DAC-4AC9-BD2B-6BABA53E62E4}.Release|Any CPU.Build.0 = Release|Any CPU
		{FDD0D324-A7CF-4655-81B0-6478D975510D}.Debug|Any CPU.ActiveCfg = Debug|Any CPU
		{FDD0D324-A7CF-4655-81B0-6478D975510D}.Debug|Any CPU.Build.0 = Debug|Any CPU
		{FDD0D324-A7CF-4655-81B0-6478D975510D}.Release|Any CPU.ActiveCfg = Release|Any CPU
		{FDD0D324-A7CF-4655-81B0-6478D975510D}.Release|Any CPU.Build.0 = Release|Any CPU
		{3175A7B9-E4CF-4026-8E4D-45E43D7C40B6}.Debug|Any CPU.ActiveCfg = Debug|Any CPU
		{3175A7B9-E4CF-4026-8E4D-45E43D7C40B6}.Debug|Any CPU.Build.0 = Debug|Any CPU
		{3175A7B9-E4CF-4026-8E4D-45E43D7C40B6}.Release|Any CPU.ActiveCfg = Release|Any CPU
		{3175A7B9-E4CF-4026-8E4D-45E43D7C40B6}.Release|Any CPU.Build.0 = Release|Any CPU
		{96027D71-09C2-41AD-A1E0-999473694302}.Debug|Any CPU.ActiveCfg = Debug|Any CPU
		{96027D71-09C2-41AD-A1E0-999473694302}.Debug|Any CPU.Build.0 = Debug|Any CPU
		{96027D71-09C2-41AD-A1E0-999473694302}.Release|Any CPU.ActiveCfg = Release|Any CPU
		{96027D71-09C2-41AD-A1E0-999473694302}.Release|Any CPU.Build.0 = Release|Any CPU
		{BC599B5A-9CE1-4B8E-AE45-446436F863CB}.Debug|Any CPU.ActiveCfg = Debug|Any CPU
		{BC599B5A-9CE1-4B8E-AE45-446436F863CB}.Debug|Any CPU.Build.0 = Debug|Any CPU
		{BC599B5A-9CE1-4B8E-AE45-446436F863CB}.Release|Any CPU.ActiveCfg = Release|Any CPU
		{BC599B5A-9CE1-4B8E-AE45-446436F863CB}.Release|Any CPU.Build.0 = Release|Any CPU
		{70D9139D-0EC5-4391-817E-41C726F90D97}.Debug|Any CPU.ActiveCfg = Debug|Any CPU
		{70D9139D-0EC5-4391-817E-41C726F90D97}.Debug|Any CPU.Build.0 = Debug|Any CPU
		{70D9139D-0EC5-4391-817E-41C726F90D97}.Release|Any CPU.ActiveCfg = Release|Any CPU
		{70D9139D-0EC5-4391-817E-41C726F90D97}.Release|Any CPU.Build.0 = Release|Any CPU
		{87E2E62E-F634-4842-8BB1-C4A4D6FFDEE6}.Debug|Any CPU.ActiveCfg = Debug|Any CPU
		{87E2E62E-F634-4842-8BB1-C4A4D6FFDEE6}.Debug|Any CPU.Build.0 = Debug|Any CPU
		{87E2E62E-F634-4842-8BB1-C4A4D6FFDEE6}.Release|Any CPU.ActiveCfg = Release|Any CPU
		{87E2E62E-F634-4842-8BB1-C4A4D6FFDEE6}.Release|Any CPU.Build.0 = Release|Any CPU
		{8DA62581-DE3C-4894-946C-F3BC3B68CDB1}.Debug|Any CPU.ActiveCfg = Debug|Any CPU
		{8DA62581-DE3C-4894-946C-F3BC3B68CDB1}.Debug|Any CPU.Build.0 = Debug|Any CPU
		{8DA62581-DE3C-4894-946C-F3BC3B68CDB1}.Release|Any CPU.ActiveCfg = Release|Any CPU
		{8DA62581-DE3C-4894-946C-F3BC3B68CDB1}.Release|Any CPU.Build.0 = Release|Any CPU
		{D48A342E-4A39-42F7-8D03-2E6BBFFF2600}.Debug|Any CPU.ActiveCfg = Debug|Any CPU
		{D48A342E-4A39-42F7-8D03-2E6BBFFF2600}.Debug|Any CPU.Build.0 = Debug|Any CPU
		{D48A342E-4A39-42F7-8D03-2E6BBFFF2600}.Release|Any CPU.ActiveCfg = Release|Any CPU
		{D48A342E-4A39-42F7-8D03-2E6BBFFF2600}.Release|Any CPU.Build.0 = Release|Any CPU
		{0E73FCAB-65A3-4F82-A630-918AA9D6724E}.Debug|Any CPU.ActiveCfg = Debug|Any CPU
		{0E73FCAB-65A3-4F82-A630-918AA9D6724E}.Debug|Any CPU.Build.0 = Debug|Any CPU
		{0E73FCAB-65A3-4F82-A630-918AA9D6724E}.Release|Any CPU.ActiveCfg = Release|Any CPU
		{0E73FCAB-65A3-4F82-A630-918AA9D6724E}.Release|Any CPU.Build.0 = Release|Any CPU
		{EB4C9AB4-7588-4332-9101-DBAE7D07A1C9}.Debug|Any CPU.ActiveCfg = Debug|Any CPU
		{EB4C9AB4-7588-4332-9101-DBAE7D07A1C9}.Debug|Any CPU.Build.0 = Debug|Any CPU
		{EB4C9AB4-7588-4332-9101-DBAE7D07A1C9}.Release|Any CPU.ActiveCfg = Release|Any CPU
		{EB4C9AB4-7588-4332-9101-DBAE7D07A1C9}.Release|Any CPU.Build.0 = Release|Any CPU
	EndGlobalSection
	GlobalSection(SolutionProperties) = preSolution
		HideSolutionNode = FALSE
	EndGlobalSection
	GlobalSection(ExtensibilityGlobals) = postSolution
		SolutionGuid = {B218B5FE-723F-4756-903E-438746BDB838}
	EndGlobalSection
EndGlobal
