
Microsoft Visual Studio Solution File, Format Version 12.00
# Visual Studio Version 16
VisualStudioVersion = 16.0.30204.135
MinimumVisualStudioVersion = 10.0.40219.1
Project("{9A19103F-16F7-4668-BE54-9A1E7A4F7556}") = "secretChat", "secretChat\secretChat.csproj", "{D97FE979-080E-405B-AF02-5644D91C769A}"
EndProject
Project("{9A19103F-16F7-4668-BE54-9A1E7A4F7556}") = "mirrorWords", "mirrorWords\mirrorWords.csproj", "{FE81DD90-0BAC-4B6E-830A-314DC3E1D4E5}"
EndProject
Project("{9A19103F-16F7-4668-BE54-9A1E7A4F7556}") = "needForSpeed3", "needForSpeed3\needForSpeed3.csproj", "{DC133DFA-C9A4-47D9-A2A9-67721F518A54}"
EndProject
Project("{9A19103F-16F7-4668-BE54-9A1E7A4F7556}") = "passwordReset", "passwordReset\passwordReset.csproj", "{9961E500-4211-4A85-AB98-79FB592983A1}"
EndProject
Project("{9A19103F-16F7-4668-BE54-9A1E7A4F7556}") = "fancyBarcode", "fancyBarcode\fancyBarcode.csproj", "{273304BD-F826-4AA1-A9C9-F35AD0A14663}"
EndProject
Project("{9A19103F-16F7-4668-BE54-9A1E7A4F7556}") = "heroesOfCodeAndLogic4", "heroesOfCodeAndLogic4\heroesOfCodeAndLogic4.csproj", "{B4A264F3-9511-416E-8453-D8261441E4FC}"
EndProject
Project("{9A19103F-16F7-4668-BE54-9A1E7A4F7556}") = "activationKeys", "activationKeys\activationKeys.csproj", "{CA3FD319-61A6-44D1-B54E-56E55E9CE003}"
EndProject
Project("{FAE04EC0-301F-11D3-BF4B-00C04F79EFBC}") = "emojiDetector", "emojiDetector\emojiDetector.csproj", "{BC1D98E7-6AC2-4BBC-8631-EDB81E41B737}"
EndProject
Project("{FAE04EC0-301F-11D3-BF4B-00C04F79EFBC}") = "pirates", "pirates\pirates.csproj", "{B12511C9-F4B0-4EDC-B2A1-16A14C633541}"
EndProject
Project("{FAE04EC0-301F-11D3-BF4B-00C04F79EFBC}") = "warriorsQuest", "warriorsQuest\warriorsQuest.csproj", "{CE3AFE75-DB82-4C18-B53B-7BF30B86DC86}"
EndProject
Project("{FAE04EC0-301F-11D3-BF4B-00C04F79EFBC}") = "songEnqryption", "songEnqryption\songEnqryption.csproj", "{845ADB44-FFB3-48B8-9E71-3237EDDCC176}"
EndProject
Project("{FAE04EC0-301F-11D3-BF4B-00C04F79EFBC}") = "concert", "concert\concert.csproj", "{D8C23C30-13B1-4583-AAC7-4988136610E1}"
EndProject
Project("{FAE04EC0-301F-11D3-BF4B-00C04F79EFBC}") = "isleOfManTTRace", "isleOfManTTRace\isleOfManTTRace.csproj", "{1727BF28-E5EB-4095-B201-A754DA927946}"
EndProject
Project("{FAE04EC0-301F-11D3-BF4B-00C04F79EFBC}") = "bossRush", "bossRush\bossRush.csproj", "{340710B7-6BAF-4158-8261-F4406E306B80}"
EndProject
Global
	GlobalSection(SolutionConfigurationPlatforms) = preSolution
		Debug|Any CPU = Debug|Any CPU
		Release|Any CPU = Release|Any CPU
	EndGlobalSection
	GlobalSection(ProjectConfigurationPlatforms) = postSolution
		{D97FE979-080E-405B-AF02-5644D91C769A}.Debug|Any CPU.ActiveCfg = Debug|Any CPU
		{D97FE979-080E-405B-AF02-5644D91C769A}.Debug|Any CPU.Build.0 = Debug|Any CPU
		{D97FE979-080E-405B-AF02-5644D91C769A}.Release|Any CPU.ActiveCfg = Release|Any CPU
		{D97FE979-080E-405B-AF02-5644D91C769A}.Release|Any CPU.Build.0 = Release|Any CPU
		{FE81DD90-0BAC-4B6E-830A-314DC3E1D4E5}.Debug|Any CPU.ActiveCfg = Debug|Any CPU
		{FE81DD90-0BAC-4B6E-830A-314DC3E1D4E5}.Debug|Any CPU.Build.0 = Debug|Any CPU
		{FE81DD90-0BAC-4B6E-830A-314DC3E1D4E5}.Release|Any CPU.ActiveCfg = Release|Any CPU
		{FE81DD90-0BAC-4B6E-830A-314DC3E1D4E5}.Release|Any CPU.Build.0 = Release|Any CPU
		{DC133DFA-C9A4-47D9-A2A9-67721F518A54}.Debug|Any CPU.ActiveCfg = Debug|Any CPU
		{DC133DFA-C9A4-47D9-A2A9-67721F518A54}.Debug|Any CPU.Build.0 = Debug|Any CPU
		{DC133DFA-C9A4-47D9-A2A9-67721F518A54}.Release|Any CPU.ActiveCfg = Release|Any CPU
		{DC133DFA-C9A4-47D9-A2A9-67721F518A54}.Release|Any CPU.Build.0 = Release|Any CPU
		{9961E500-4211-4A85-AB98-79FB592983A1}.Debug|Any CPU.ActiveCfg = Debug|Any CPU
		{9961E500-4211-4A85-AB98-79FB592983A1}.Debug|Any CPU.Build.0 = Debug|Any CPU
		{9961E500-4211-4A85-AB98-79FB592983A1}.Release|Any CPU.ActiveCfg = Release|Any CPU
		{9961E500-4211-4A85-AB98-79FB592983A1}.Release|Any CPU.Build.0 = Release|Any CPU
		{273304BD-F826-4AA1-A9C9-F35AD0A14663}.Debug|Any CPU.ActiveCfg = Debug|Any CPU
		{273304BD-F826-4AA1-A9C9-F35AD0A14663}.Debug|Any CPU.Build.0 = Debug|Any CPU
		{273304BD-F826-4AA1-A9C9-F35AD0A14663}.Release|Any CPU.ActiveCfg = Release|Any CPU
		{273304BD-F826-4AA1-A9C9-F35AD0A14663}.Release|Any CPU.Build.0 = Release|Any CPU
		{B4A264F3-9511-416E-8453-D8261441E4FC}.Debug|Any CPU.ActiveCfg = Debug|Any CPU
		{B4A264F3-9511-416E-8453-D8261441E4FC}.Debug|Any CPU.Build.0 = Debug|Any CPU
		{B4A264F3-9511-416E-8453-D8261441E4FC}.Release|Any CPU.ActiveCfg = Release|Any CPU
		{B4A264F3-9511-416E-8453-D8261441E4FC}.Release|Any CPU.Build.0 = Release|Any CPU
		{CA3FD319-61A6-44D1-B54E-56E55E9CE003}.Debug|Any CPU.ActiveCfg = Debug|Any CPU
		{CA3FD319-61A6-44D1-B54E-56E55E9CE003}.Debug|Any CPU.Build.0 = Debug|Any CPU
		{CA3FD319-61A6-44D1-B54E-56E55E9CE003}.Release|Any CPU.ActiveCfg = Release|Any CPU
		{CA3FD319-61A6-44D1-B54E-56E55E9CE003}.Release|Any CPU.Build.0 = Release|Any CPU
		{BC1D98E7-6AC2-4BBC-8631-EDB81E41B737}.Debug|Any CPU.ActiveCfg = Debug|Any CPU
		{BC1D98E7-6AC2-4BBC-8631-EDB81E41B737}.Debug|Any CPU.Build.0 = Debug|Any CPU
		{BC1D98E7-6AC2-4BBC-8631-EDB81E41B737}.Release|Any CPU.ActiveCfg = Release|Any CPU
		{BC1D98E7-6AC2-4BBC-8631-EDB81E41B737}.Release|Any CPU.Build.0 = Release|Any CPU
		{B12511C9-F4B0-4EDC-B2A1-16A14C633541}.Debug|Any CPU.ActiveCfg = Debug|Any CPU
		{B12511C9-F4B0-4EDC-B2A1-16A14C633541}.Debug|Any CPU.Build.0 = Debug|Any CPU
		{B12511C9-F4B0-4EDC-B2A1-16A14C633541}.Release|Any CPU.ActiveCfg = Release|Any CPU
		{B12511C9-F4B0-4EDC-B2A1-16A14C633541}.Release|Any CPU.Build.0 = Release|Any CPU
		{CE3AFE75-DB82-4C18-B53B-7BF30B86DC86}.Debug|Any CPU.ActiveCfg = Debug|Any CPU
		{CE3AFE75-DB82-4C18-B53B-7BF30B86DC86}.Debug|Any CPU.Build.0 = Debug|Any CPU
		{CE3AFE75-DB82-4C18-B53B-7BF30B86DC86}.Release|Any CPU.ActiveCfg = Release|Any CPU
		{CE3AFE75-DB82-4C18-B53B-7BF30B86DC86}.Release|Any CPU.Build.0 = Release|Any CPU
		{845ADB44-FFB3-48B8-9E71-3237EDDCC176}.Debug|Any CPU.ActiveCfg = Debug|Any CPU
		{845ADB44-FFB3-48B8-9E71-3237EDDCC176}.Debug|Any CPU.Build.0 = Debug|Any CPU
		{845ADB44-FFB3-48B8-9E71-3237EDDCC176}.Release|Any CPU.ActiveCfg = Release|Any CPU
		{845ADB44-FFB3-48B8-9E71-3237EDDCC176}.Release|Any CPU.Build.0 = Release|Any CPU
		{D8C23C30-13B1-4583-AAC7-4988136610E1}.Debug|Any CPU.ActiveCfg = Debug|Any CPU
		{D8C23C30-13B1-4583-AAC7-4988136610E1}.Debug|Any CPU.Build.0 = Debug|Any CPU
		{D8C23C30-13B1-4583-AAC7-4988136610E1}.Release|Any CPU.ActiveCfg = Release|Any CPU
		{D8C23C30-13B1-4583-AAC7-4988136610E1}.Release|Any CPU.Build.0 = Release|Any CPU
		{1727BF28-E5EB-4095-B201-A754DA927946}.Debug|Any CPU.ActiveCfg = Debug|Any CPU
		{1727BF28-E5EB-4095-B201-A754DA927946}.Debug|Any CPU.Build.0 = Debug|Any CPU
		{1727BF28-E5EB-4095-B201-A754DA927946}.Release|Any CPU.ActiveCfg = Release|Any CPU
		{1727BF28-E5EB-4095-B201-A754DA927946}.Release|Any CPU.Build.0 = Release|Any CPU
		{340710B7-6BAF-4158-8261-F4406E306B80}.Debug|Any CPU.ActiveCfg = Debug|Any CPU
		{340710B7-6BAF-4158-8261-F4406E306B80}.Debug|Any CPU.Build.0 = Debug|Any CPU
		{340710B7-6BAF-4158-8261-F4406E306B80}.Release|Any CPU.ActiveCfg = Release|Any CPU
		{340710B7-6BAF-4158-8261-F4406E306B80}.Release|Any CPU.Build.0 = Release|Any CPU
	EndGlobalSection
	GlobalSection(SolutionProperties) = preSolution
		HideSolutionNode = FALSE
	EndGlobalSection
	GlobalSection(ExtensibilityGlobals) = postSolution
		SolutionGuid = {74774BC0-478D-46D0-83DC-BB3D231D5AEA}
	EndGlobalSection
EndGlobal
