
Microsoft Visual Studio Solution File, Format Version 12.00
# Visual Studio Version 16
VisualStudioVersion = 16.0.30204.135
MinimumVisualStudioVersion = 10.0.40219.1
Project("{FAE04EC0-301F-11D3-BF4B-00C04F79EFBC}") = "matchFullName", "matchFullName\matchFullName.csproj", "{6CFD7786-3757-4950-957D-68DB4FC8CAF5}"
EndProject
Project("{FAE04EC0-301F-11D3-BF4B-00C04F79EFBC}") = "matchPhoneNumber", "matchPhoneNumber\matchPhoneNumber.csproj", "{B5605F8C-DA62-45E0-85D3-6B8D7612C465}"
EndProject
Project("{FAE04EC0-301F-11D3-BF4B-00C04F79EFBC}") = "matchDates", "matchDates\matchDates.csproj", "{BBA41512-C37A-4DA6-B766-3AFC5435A5CD}"
EndProject
Global
	GlobalSection(SolutionConfigurationPlatforms) = preSolution
		Debug|Any CPU = Debug|Any CPU
		Release|Any CPU = Release|Any CPU
	EndGlobalSection
	GlobalSection(ProjectConfigurationPlatforms) = postSolution
		{6CFD7786-3757-4950-957D-68DB4FC8CAF5}.Debug|Any CPU.ActiveCfg = Debug|Any CPU
		{6CFD7786-3757-4950-957D-68DB4FC8CAF5}.Debug|Any CPU.Build.0 = Debug|Any CPU
		{6CFD7786-3757-4950-957D-68DB4FC8CAF5}.Release|Any CPU.ActiveCfg = Release|Any CPU
		{6CFD7786-3757-4950-957D-68DB4FC8CAF5}.Release|Any CPU.Build.0 = Release|Any CPU
		{B5605F8C-DA62-45E0-85D3-6B8D7612C465}.Debug|Any CPU.ActiveCfg = Debug|Any CPU
		{B5605F8C-DA62-45E0-85D3-6B8D7612C465}.Debug|Any CPU.Build.0 = Debug|Any CPU
		{B5605F8C-DA62-45E0-85D3-6B8D7612C465}.Release|Any CPU.ActiveCfg = Release|Any CPU
		{B5605F8C-DA62-45E0-85D3-6B8D7612C465}.Release|Any CPU.Build.0 = Release|Any CPU
		{BBA41512-C37A-4DA6-B766-3AFC5435A5CD}.Debug|Any CPU.ActiveCfg = Debug|Any CPU
		{BBA41512-C37A-4DA6-B766-3AFC5435A5CD}.Debug|Any CPU.Build.0 = Debug|Any CPU
		{BBA41512-C37A-4DA6-B766-3AFC5435A5CD}.Release|Any CPU.ActiveCfg = Release|Any CPU
		{BBA41512-C37A-4DA6-B766-3AFC5435A5CD}.Release|Any CPU.Build.0 = Release|Any CPU
	EndGlobalSection
	GlobalSection(SolutionProperties) = preSolution
		HideSolutionNode = FALSE
	EndGlobalSection
	GlobalSection(ExtensibilityGlobals) = postSolution
		SolutionGuid = {62CE5841-1410-4760-8AA5-79934AD27B15}
	EndGlobalSection
EndGlobal
