
Microsoft Visual Studio Solution File, Format Version 12.00
# Visual Studio Version 16
VisualStudioVersion = 16.0.30002.166
MinimumVisualStudioVersion = 10.0.40219.1
Project("{FAE04EC0-301F-11D3-BF4B-00C04F79EFBC}") = "counterStrike", "counterStrike\counterStrike.csproj", "{6A063D13-928E-4BF8-A592-49EFF225CE11}"
EndProject
Project("{FAE04EC0-301F-11D3-BF4B-00C04F79EFBC}") = "shootForWin", "shootForWin\shootForWin.csproj", "{FE061ACA-1FEE-4175-8F8C-EF59280E1043}"
EndProject
Project("{FAE04EC0-301F-11D3-BF4B-00C04F79EFBC}") = "movingTarget", "movingTarget\movingTarget.csproj", "{09578DAC-01E6-4A47-9281-626BCEB7422D}"
EndProject
Global
	GlobalSection(SolutionConfigurationPlatforms) = preSolution
		Debug|Any CPU = Debug|Any CPU
		Release|Any CPU = Release|Any CPU
	EndGlobalSection
	GlobalSection(ProjectConfigurationPlatforms) = postSolution
		{6A063D13-928E-4BF8-A592-49EFF225CE11}.Debug|Any CPU.ActiveCfg = Debug|Any CPU
		{6A063D13-928E-4BF8-A592-49EFF225CE11}.Debug|Any CPU.Build.0 = Debug|Any CPU
		{6A063D13-928E-4BF8-A592-49EFF225CE11}.Release|Any CPU.ActiveCfg = Release|Any CPU
		{6A063D13-928E-4BF8-A592-49EFF225CE11}.Release|Any CPU.Build.0 = Release|Any CPU
		{FE061ACA-1FEE-4175-8F8C-EF59280E1043}.Debug|Any CPU.ActiveCfg = Debug|Any CPU
		{FE061ACA-1FEE-4175-8F8C-EF59280E1043}.Debug|Any CPU.Build.0 = Debug|Any CPU
		{FE061ACA-1FEE-4175-8F8C-EF59280E1043}.Release|Any CPU.ActiveCfg = Release|Any CPU
		{FE061ACA-1FEE-4175-8F8C-EF59280E1043}.Release|Any CPU.Build.0 = Release|Any CPU
		{09578DAC-01E6-4A47-9281-626BCEB7422D}.Debug|Any CPU.ActiveCfg = Debug|Any CPU
		{09578DAC-01E6-4A47-9281-626BCEB7422D}.Debug|Any CPU.Build.0 = Debug|Any CPU
		{09578DAC-01E6-4A47-9281-626BCEB7422D}.Release|Any CPU.ActiveCfg = Release|Any CPU
		{09578DAC-01E6-4A47-9281-626BCEB7422D}.Release|Any CPU.Build.0 = Release|Any CPU
	EndGlobalSection
	GlobalSection(SolutionProperties) = preSolution
		HideSolutionNode = FALSE
	EndGlobalSection
	GlobalSection(ExtensibilityGlobals) = postSolution
		SolutionGuid = {58B809E6-879D-44C1-A272-21D318CC1541}
	EndGlobalSection
EndGlobal
